
Microsoft Visual Studio Solution File, Format Version 12.00
# Visual Studio Version 17
VisualStudioVersion = 17.10.35013.160
MinimumVisualStudioVersion = 10.0.40219.1
Project("{FAE04EC0-301F-11D3-BF4B-00C04F79EFBC}") = "ConsoleApp40", "ConsoleApp40\ConsoleApp40.csproj", "{C1869363-BF16-4999-A502-9AE8B8CBBCF9}"
EndProject
Global
	GlobalSection(SolutionConfigurationPlatforms) = preSolution
		Debug|Any CPU = Debug|Any CPU
		Release|Any CPU = Release|Any CPU
	EndGlobalSection
	GlobalSection(ProjectConfigurationPlatforms) = postSolution
		{C1869363-BF16-4999-A502-9AE8B8CBBCF9}.Debug|Any CPU.ActiveCfg = Debug|Any CPU
		{C1869363-BF16-4999-A502-9AE8B8CBBCF9}.Debug|Any CPU.Build.0 = Debug|Any CPU
		{C1869363-BF16-4999-A502-9AE8B8CBBCF9}.Release|Any CPU.ActiveCfg = Release|Any CPU
		{C1869363-BF16-4999-A502-9AE8B8CBBCF9}.Release|Any CPU.Build.0 = Release|Any CPU
	EndGlobalSection
	GlobalSection(SolutionProperties) = preSolution
		HideSolutionNode = FALSE
	EndGlobalSection
	GlobalSection(ExtensibilityGlobals) = postSolution
		SolutionGuid = {5AE0E69F-C27A-4DEB-9694-B1A3B2D678FB}
	EndGlobalSection
EndGlobal
